
Microsoft Visual Studio Solution File, Format Version 12.00
# Visual Studio 14
VisualStudioVersion = 14.0.25420.1
MinimumVisualStudioVersion = 10.0.40219.1
Project("{FAE04EC0-301F-11D3-BF4B-00C04F79EFBC}") = "PointCloudViewer.Android", "PointCloudViewer\PointCloudViewer.Android\PointCloudViewer.Android.csproj", "{6535C64B-CDC6-4B32-B19A-AC46EDAC3364}"
EndProject
Project("{FAE04EC0-301F-11D3-BF4B-00C04F79EFBC}") = "PointCloudViewer", "PointCloudViewer\PointCloudViewer\PointCloudViewer.csproj", "{7A68BE57-A600-41BD-953D-439C9F4E9B41}"
EndProject
Project("{FAE04EC0-301F-11D3-BF4B-00C04F79EFBC}") = "PointCloudViewer.UWP", "PointCloudViewer\PointCloudViewer.UWP\PointCloudViewer.UWP.csproj", "{DBB5B1F8-B87A-4889-880A-2929D287DB08}"
EndProject
Project("{2150E333-8FDC-42A3-9474-1A3956D46DE8}") = "Application", "Application", "{3F91A9C1-AA46-41A7-8B44-75B4BE4B2807}"
EndProject
Project("{FAE04EC0-301F-11D3-BF4B-00C04F79EFBC}") = "PointCloudViewer.Domain", "PointCloudViewer.Domain\PointCloudViewer.Domain.csproj", "{D0E15F5C-234F-4472-BAC5-F6CADD7D7726}"
EndProject
Project("{FAE04EC0-301F-11D3-BF4B-00C04F79EFBC}") = "PointCloudViewer.FileProcessing", "PointCloudViewer.FileProcessing\PointCloudViewer.FileProcessing.csproj", "{7F45900F-E2E4-4B41-9262-59168E8DD329}"
EndProject
Project("{FAE04EC0-301F-11D3-BF4B-00C04F79EFBC}") = "PointCloudViewer.Engine", "PointCloudViewer.Engine\PointCloudViewer.Engine.csproj", "{CFA33814-801D-4DAC-B5E4-3739EC35CDB7}"
EndProject
Global
	GlobalSection(SubversionScc) = preSolution
		Svn-Managed = True
		Manager = AnkhSVN - Subversion Support for Visual Studio
	EndGlobalSection
	GlobalSection(SolutionConfigurationPlatforms) = preSolution
		Ad-Hoc|Any CPU = Ad-Hoc|Any CPU
		Ad-Hoc|ARM = Ad-Hoc|ARM
		Ad-Hoc|iPhone = Ad-Hoc|iPhone
		Ad-Hoc|iPhoneSimulator = Ad-Hoc|iPhoneSimulator
		Ad-Hoc|x64 = Ad-Hoc|x64
		Ad-Hoc|x86 = Ad-Hoc|x86
		AppStore|Any CPU = AppStore|Any CPU
		AppStore|ARM = AppStore|ARM
		AppStore|iPhone = AppStore|iPhone
		AppStore|iPhoneSimulator = AppStore|iPhoneSimulator
		AppStore|x64 = AppStore|x64
		AppStore|x86 = AppStore|x86
		Debug|Any CPU = Debug|Any CPU
		Debug|ARM = Debug|ARM
		Debug|iPhone = Debug|iPhone
		Debug|iPhoneSimulator = Debug|iPhoneSimulator
		Debug|x64 = Debug|x64
		Debug|x86 = Debug|x86
		Release|Any CPU = Release|Any CPU
		Release|ARM = Release|ARM
		Release|iPhone = Release|iPhone
		Release|iPhoneSimulator = Release|iPhoneSimulator
		Release|x64 = Release|x64
		Release|x86 = Release|x86
	EndGlobalSection
	GlobalSection(ProjectConfigurationPlatforms) = postSolution
		{6535C64B-CDC6-4B32-B19A-AC46EDAC3364}.Ad-Hoc|Any CPU.ActiveCfg = Release|Any CPU
		{6535C64B-CDC6-4B32-B19A-AC46EDAC3364}.Ad-Hoc|Any CPU.Build.0 = Release|Any CPU
		{6535C64B-CDC6-4B32-B19A-AC46EDAC3364}.Ad-Hoc|Any CPU.Deploy.0 = Release|Any CPU
		{6535C64B-CDC6-4B32-B19A-AC46EDAC3364}.Ad-Hoc|ARM.ActiveCfg = Release|Any CPU
		{6535C64B-CDC6-4B32-B19A-AC46EDAC3364}.Ad-Hoc|ARM.Build.0 = Release|Any CPU
		{6535C64B-CDC6-4B32-B19A-AC46EDAC3364}.Ad-Hoc|ARM.Deploy.0 = Release|Any CPU
		{6535C64B-CDC6-4B32-B19A-AC46EDAC3364}.Ad-Hoc|iPhone.ActiveCfg = Release|Any CPU
		{6535C64B-CDC6-4B32-B19A-AC46EDAC3364}.Ad-Hoc|iPhone.Build.0 = Release|Any CPU
		{6535C64B-CDC6-4B32-B19A-AC46EDAC3364}.Ad-Hoc|iPhone.Deploy.0 = Release|Any CPU
		{6535C64B-CDC6-4B32-B19A-AC46EDAC3364}.Ad-Hoc|iPhoneSimulator.ActiveCfg = Release|Any CPU
		{6535C64B-CDC6-4B32-B19A-AC46EDAC3364}.Ad-Hoc|iPhoneSimulator.Build.0 = Release|Any CPU
		{6535C64B-CDC6-4B32-B19A-AC46EDAC3364}.Ad-Hoc|iPhoneSimulator.Deploy.0 = Release|Any CPU
		{6535C64B-CDC6-4B32-B19A-AC46EDAC3364}.Ad-Hoc|x64.ActiveCfg = Release|Any CPU
		{6535C64B-CDC6-4B32-B19A-AC46EDAC3364}.Ad-Hoc|x64.Build.0 = Release|Any CPU
		{6535C64B-CDC6-4B32-B19A-AC46EDAC3364}.Ad-Hoc|x64.Deploy.0 = Release|Any CPU
		{6535C64B-CDC6-4B32-B19A-AC46EDAC3364}.Ad-Hoc|x86.ActiveCfg = Release|Any CPU
		{6535C64B-CDC6-4B32-B19A-AC46EDAC3364}.Ad-Hoc|x86.Build.0 = Release|Any CPU
		{6535C64B-CDC6-4B32-B19A-AC46EDAC3364}.Ad-Hoc|x86.Deploy.0 = Release|Any CPU
		{6535C64B-CDC6-4B32-B19A-AC46EDAC3364}.AppStore|Any CPU.ActiveCfg = Release|Any CPU
		{6535C64B-CDC6-4B32-B19A-AC46EDAC3364}.AppStore|Any CPU.Build.0 = Release|Any CPU
		{6535C64B-CDC6-4B32-B19A-AC46EDAC3364}.AppStore|Any CPU.Deploy.0 = Release|Any CPU
		{6535C64B-CDC6-4B32-B19A-AC46EDAC3364}.AppStore|ARM.ActiveCfg = Release|Any CPU
		{6535C64B-CDC6-4B32-B19A-AC46EDAC3364}.AppStore|ARM.Build.0 = Release|Any CPU
		{6535C64B-CDC6-4B32-B19A-AC46EDAC3364}.AppStore|ARM.Deploy.0 = Release|Any CPU
		{6535C64B-CDC6-4B32-B19A-AC46EDAC3364}.AppStore|iPhone.ActiveCfg = Release|Any CPU
		{6535C64B-CDC6-4B32-B19A-AC46EDAC3364}.AppStore|iPhone.Build.0 = Release|Any CPU
		{6535C64B-CDC6-4B32-B19A-AC46EDAC3364}.AppStore|iPhone.Deploy.0 = Release|Any CPU
		{6535C64B-CDC6-4B32-B19A-AC46EDAC3364}.AppStore|iPhoneSimulator.ActiveCfg = Release|Any CPU
		{6535C64B-CDC6-4B32-B19A-AC46EDAC3364}.AppStore|iPhoneSimulator.Build.0 = Release|Any CPU
		{6535C64B-CDC6-4B32-B19A-AC46EDAC3364}.AppStore|iPhoneSimulator.Deploy.0 = Release|Any CPU
		{6535C64B-CDC6-4B32-B19A-AC46EDAC3364}.AppStore|x64.ActiveCfg = Release|Any CPU
		{6535C64B-CDC6-4B32-B19A-AC46EDAC3364}.AppStore|x64.Build.0 = Release|Any CPU
		{6535C64B-CDC6-4B32-B19A-AC46EDAC3364}.AppStore|x64.Deploy.0 = Release|Any CPU
		{6535C64B-CDC6-4B32-B19A-AC46EDAC3364}.AppStore|x86.ActiveCfg = Release|Any CPU
		{6535C64B-CDC6-4B32-B19A-AC46EDAC3364}.AppStore|x86.Build.0 = Release|Any CPU
		{6535C64B-CDC6-4B32-B19A-AC46EDAC3364}.AppStore|x86.Deploy.0 = Release|Any CPU
		{6535C64B-CDC6-4B32-B19A-AC46EDAC3364}.Debug|Any CPU.ActiveCfg = Debug|Any CPU
		{6535C64B-CDC6-4B32-B19A-AC46EDAC3364}.Debug|Any CPU.Build.0 = Debug|Any CPU
		{6535C64B-CDC6-4B32-B19A-AC46EDAC3364}.Debug|Any CPU.Deploy.0 = Debug|Any CPU
		{6535C64B-CDC6-4B32-B19A-AC46EDAC3364}.Debug|ARM.ActiveCfg = Debug|Any CPU
		{6535C64B-CDC6-4B32-B19A-AC46EDAC3364}.Debug|ARM.Build.0 = Debug|Any CPU
		{6535C64B-CDC6-4B32-B19A-AC46EDAC3364}.Debug|ARM.Deploy.0 = Debug|Any CPU
		{6535C64B-CDC6-4B32-B19A-AC46EDAC3364}.Debug|iPhone.ActiveCfg = Debug|Any CPU
		{6535C64B-CDC6-4B32-B19A-AC46EDAC3364}.Debug|iPhone.Build.0 = Debug|Any CPU
		{6535C64B-CDC6-4B32-B19A-AC46EDAC3364}.Debug|iPhone.Deploy.0 = Debug|Any CPU
		{6535C64B-CDC6-4B32-B19A-AC46EDAC3364}.Debug|iPhoneSimulator.ActiveCfg = Debug|Any CPU
		{6535C64B-CDC6-4B32-B19A-AC46EDAC3364}.Debug|iPhoneSimulator.Build.0 = Debug|Any CPU
		{6535C64B-CDC6-4B32-B19A-AC46EDAC3364}.Debug|iPhoneSimulator.Deploy.0 = Debug|Any CPU
		{6535C64B-CDC6-4B32-B19A-AC46EDAC3364}.Debug|x64.ActiveCfg = Debug|Any CPU
		{6535C64B-CDC6-4B32-B19A-AC46EDAC3364}.Debug|x64.Build.0 = Debug|Any CPU
		{6535C64B-CDC6-4B32-B19A-AC46EDAC3364}.Debug|x64.Deploy.0 = Debug|Any CPU
		{6535C64B-CDC6-4B32-B19A-AC46EDAC3364}.Debug|x86.ActiveCfg = Debug|Any CPU
		{6535C64B-CDC6-4B32-B19A-AC46EDAC3364}.Debug|x86.Build.0 = Debug|Any CPU
		{6535C64B-CDC6-4B32-B19A-AC46EDAC3364}.Debug|x86.Deploy.0 = Debug|Any CPU
		{6535C64B-CDC6-4B32-B19A-AC46EDAC3364}.Release|Any CPU.ActiveCfg = Release|Any CPU
		{6535C64B-CDC6-4B32-B19A-AC46EDAC3364}.Release|Any CPU.Build.0 = Release|Any CPU
		{6535C64B-CDC6-4B32-B19A-AC46EDAC3364}.Release|Any CPU.Deploy.0 = Release|Any CPU
		{6535C64B-CDC6-4B32-B19A-AC46EDAC3364}.Release|ARM.ActiveCfg = Release|Any CPU
		{6535C64B-CDC6-4B32-B19A-AC46EDAC3364}.Release|ARM.Build.0 = Release|Any CPU
		{6535C64B-CDC6-4B32-B19A-AC46EDAC3364}.Release|ARM.Deploy.0 = Release|Any CPU
		{6535C64B-CDC6-4B32-B19A-AC46EDAC3364}.Release|iPhone.ActiveCfg = Release|Any CPU
		{6535C64B-CDC6-4B32-B19A-AC46EDAC3364}.Release|iPhone.Build.0 = Release|Any CPU
		{6535C64B-CDC6-4B32-B19A-AC46EDAC3364}.Release|iPhone.Deploy.0 = Release|Any CPU
		{6535C64B-CDC6-4B32-B19A-AC46EDAC3364}.Release|iPhoneSimulator.ActiveCfg = Release|Any CPU
		{6535C64B-CDC6-4B32-B19A-AC46EDAC3364}.Release|iPhoneSimulator.Build.0 = Release|Any CPU
		{6535C64B-CDC6-4B32-B19A-AC46EDAC3364}.Release|iPhoneSimulator.Deploy.0 = Release|Any CPU
		{6535C64B-CDC6-4B32-B19A-AC46EDAC3364}.Release|x64.ActiveCfg = Release|Any CPU
		{6535C64B-CDC6-4B32-B19A-AC46EDAC3364}.Release|x64.Build.0 = Release|Any CPU
		{6535C64B-CDC6-4B32-B19A-AC46EDAC3364}.Release|x64.Deploy.0 = Release|Any CPU
		{6535C64B-CDC6-4B32-B19A-AC46EDAC3364}.Release|x86.ActiveCfg = Release|Any CPU
		{6535C64B-CDC6-4B32-B19A-AC46EDAC3364}.Release|x86.Build.0 = Release|Any CPU
		{6535C64B-CDC6-4B32-B19A-AC46EDAC3364}.Release|x86.Deploy.0 = Release|Any CPU
		{7A68BE57-A600-41BD-953D-439C9F4E9B41}.Ad-Hoc|Any CPU.ActiveCfg = Release|Any CPU
		{7A68BE57-A600-41BD-953D-439C9F4E9B41}.Ad-Hoc|Any CPU.Build.0 = Release|Any CPU
		{7A68BE57-A600-41BD-953D-439C9F4E9B41}.Ad-Hoc|ARM.ActiveCfg = Release|Any CPU
		{7A68BE57-A600-41BD-953D-439C9F4E9B41}.Ad-Hoc|ARM.Build.0 = Release|Any CPU
		{7A68BE57-A600-41BD-953D-439C9F4E9B41}.Ad-Hoc|iPhone.ActiveCfg = Release|Any CPU
		{7A68BE57-A600-41BD-953D-439C9F4E9B41}.Ad-Hoc|iPhone.Build.0 = Release|Any CPU
		{7A68BE57-A600-41BD-953D-439C9F4E9B41}.Ad-Hoc|iPhoneSimulator.ActiveCfg = Release|Any CPU
		{7A68BE57-A600-41BD-953D-439C9F4E9B41}.Ad-Hoc|iPhoneSimulator.Build.0 = Release|Any CPU
		{7A68BE57-A600-41BD-953D-439C9F4E9B41}.Ad-Hoc|x64.ActiveCfg = Release|Any CPU
		{7A68BE57-A600-41BD-953D-439C9F4E9B41}.Ad-Hoc|x64.Build.0 = Release|Any CPU
		{7A68BE57-A600-41BD-953D-439C9F4E9B41}.Ad-Hoc|x86.ActiveCfg = Release|Any CPU
		{7A68BE57-A600-41BD-953D-439C9F4E9B41}.Ad-Hoc|x86.Build.0 = Release|Any CPU
		{7A68BE57-A600-41BD-953D-439C9F4E9B41}.AppStore|Any CPU.ActiveCfg = Release|Any CPU
		{7A68BE57-A600-41BD-953D-439C9F4E9B41}.AppStore|Any CPU.Build.0 = Release|Any CPU
		{7A68BE57-A600-41BD-953D-439C9F4E9B41}.AppStore|ARM.ActiveCfg = Release|Any CPU
		{7A68BE57-A600-41BD-953D-439C9F4E9B41}.AppStore|ARM.Build.0 = Release|Any CPU
		{7A68BE57-A600-41BD-953D-439C9F4E9B41}.AppStore|iPhone.ActiveCfg = Release|Any CPU
		{7A68BE57-A600-41BD-953D-439C9F4E9B41}.AppStore|iPhone.Build.0 = Release|Any CPU
		{7A68BE57-A600-41BD-953D-439C9F4E9B41}.AppStore|iPhoneSimulator.ActiveCfg = Release|Any CPU
		{7A68BE57-A600-41BD-953D-439C9F4E9B41}.AppStore|iPhoneSimulator.Build.0 = Release|Any CPU
		{7A68BE57-A600-41BD-953D-439C9F4E9B41}.AppStore|x64.ActiveCfg = Release|Any CPU
		{7A68BE57-A600-41BD-953D-439C9F4E9B41}.AppStore|x64.Build.0 = Release|Any CPU
		{7A68BE57-A600-41BD-953D-439C9F4E9B41}.AppStore|x86.ActiveCfg = Release|Any CPU
		{7A68BE57-A600-41BD-953D-439C9F4E9B41}.AppStore|x86.Build.0 = Release|Any CPU
		{7A68BE57-A600-41BD-953D-439C9F4E9B41}.Debug|Any CPU.ActiveCfg = Debug|Any CPU
		{7A68BE57-A600-41BD-953D-439C9F4E9B41}.Debug|Any CPU.Build.0 = Debug|Any CPU
		{7A68BE57-A600-41BD-953D-439C9F4E9B41}.Debug|ARM.ActiveCfg = Debug|Any CPU
		{7A68BE57-A600-41BD-953D-439C9F4E9B41}.Debug|ARM.Build.0 = Debug|Any CPU
		{7A68BE57-A600-41BD-953D-439C9F4E9B41}.Debug|iPhone.ActiveCfg = Debug|Any CPU
		{7A68BE57-A600-41BD-953D-439C9F4E9B41}.Debug|iPhone.Build.0 = Debug|Any CPU
		{7A68BE57-A600-41BD-953D-439C9F4E9B41}.Debug|iPhoneSimulator.ActiveCfg = Debug|Any CPU
		{7A68BE57-A600-41BD-953D-439C9F4E9B41}.Debug|iPhoneSimulator.Build.0 = Debug|Any CPU
		{7A68BE57-A600-41BD-953D-439C9F4E9B41}.Debug|x64.ActiveCfg = Debug|Any CPU
		{7A68BE57-A600-41BD-953D-439C9F4E9B41}.Debug|x64.Build.0 = Debug|Any CPU
		{7A68BE57-A600-41BD-953D-439C9F4E9B41}.Debug|x86.ActiveCfg = Debug|Any CPU
		{7A68BE57-A600-41BD-953D-439C9F4E9B41}.Debug|x86.Build.0 = Debug|Any CPU
		{7A68BE57-A600-41BD-953D-439C9F4E9B41}.Release|Any CPU.ActiveCfg = Release|Any CPU
		{7A68BE57-A600-41BD-953D-439C9F4E9B41}.Release|Any CPU.Build.0 = Release|Any CPU
		{7A68BE57-A600-41BD-953D-439C9F4E9B41}.Release|ARM.ActiveCfg = Release|Any CPU
		{7A68BE57-A600-41BD-953D-439C9F4E9B41}.Release|ARM.Build.0 = Release|Any CPU
		{7A68BE57-A600-41BD-953D-439C9F4E9B41}.Release|iPhone.ActiveCfg = Release|Any CPU
		{7A68BE57-A600-41BD-953D-439C9F4E9B41}.Release|iPhone.Build.0 = Release|Any CPU
		{7A68BE57-A600-41BD-953D-439C9F4E9B41}.Release|iPhoneSimulator.ActiveCfg = Release|Any CPU
		{7A68BE57-A600-41BD-953D-439C9F4E9B41}.Release|iPhoneSimulator.Build.0 = Release|Any CPU
		{7A68BE57-A600-41BD-953D-439C9F4E9B41}.Release|x64.ActiveCfg = Release|Any CPU
		{7A68BE57-A600-41BD-953D-439C9F4E9B41}.Release|x64.Build.0 = Release|Any CPU
		{7A68BE57-A600-41BD-953D-439C9F4E9B41}.Release|x86.ActiveCfg = Release|Any CPU
		{7A68BE57-A600-41BD-953D-439C9F4E9B41}.Release|x86.Build.0 = Release|Any CPU
		{DBB5B1F8-B87A-4889-880A-2929D287DB08}.Ad-Hoc|Any CPU.ActiveCfg = Release|x86
		{DBB5B1F8-B87A-4889-880A-2929D287DB08}.Ad-Hoc|Any CPU.Build.0 = Release|x86
		{DBB5B1F8-B87A-4889-880A-2929D287DB08}.Ad-Hoc|Any CPU.Deploy.0 = Release|x86
		{DBB5B1F8-B87A-4889-880A-2929D287DB08}.Ad-Hoc|ARM.ActiveCfg = Release|ARM
		{DBB5B1F8-B87A-4889-880A-2929D287DB08}.Ad-Hoc|ARM.Build.0 = Release|ARM
		{DBB5B1F8-B87A-4889-880A-2929D287DB08}.Ad-Hoc|ARM.Deploy.0 = Release|ARM
		{DBB5B1F8-B87A-4889-880A-2929D287DB08}.Ad-Hoc|iPhone.ActiveCfg = Release|x86
		{DBB5B1F8-B87A-4889-880A-2929D287DB08}.Ad-Hoc|iPhone.Build.0 = Release|x86
		{DBB5B1F8-B87A-4889-880A-2929D287DB08}.Ad-Hoc|iPhone.Deploy.0 = Release|x86
		{DBB5B1F8-B87A-4889-880A-2929D287DB08}.Ad-Hoc|iPhoneSimulator.ActiveCfg = Release|x86
		{DBB5B1F8-B87A-4889-880A-2929D287DB08}.Ad-Hoc|iPhoneSimulator.Build.0 = Release|x86
		{DBB5B1F8-B87A-4889-880A-2929D287DB08}.Ad-Hoc|iPhoneSimulator.Deploy.0 = Release|x86
		{DBB5B1F8-B87A-4889-880A-2929D287DB08}.Ad-Hoc|x64.ActiveCfg = Release|x64
		{DBB5B1F8-B87A-4889-880A-2929D287DB08}.Ad-Hoc|x64.Build.0 = Release|x64
		{DBB5B1F8-B87A-4889-880A-2929D287DB08}.Ad-Hoc|x64.Deploy.0 = Release|x64
		{DBB5B1F8-B87A-4889-880A-2929D287DB08}.Ad-Hoc|x86.ActiveCfg = Release|x86
		{DBB5B1F8-B87A-4889-880A-2929D287DB08}.Ad-Hoc|x86.Build.0 = Release|x86
		{DBB5B1F8-B87A-4889-880A-2929D287DB08}.Ad-Hoc|x86.Deploy.0 = Release|x86
		{DBB5B1F8-B87A-4889-880A-2929D287DB08}.AppStore|Any CPU.ActiveCfg = Release|x86
		{DBB5B1F8-B87A-4889-880A-2929D287DB08}.AppStore|Any CPU.Build.0 = Release|x86
		{DBB5B1F8-B87A-4889-880A-2929D287DB08}.AppStore|Any CPU.Deploy.0 = Release|x86
		{DBB5B1F8-B87A-4889-880A-2929D287DB08}.AppStore|ARM.ActiveCfg = Release|ARM
		{DBB5B1F8-B87A-4889-880A-2929D287DB08}.AppStore|ARM.Build.0 = Release|ARM
		{DBB5B1F8-B87A-4889-880A-2929D287DB08}.AppStore|ARM.Deploy.0 = Release|ARM
		{DBB5B1F8-B87A-4889-880A-2929D287DB08}.AppStore|iPhone.ActiveCfg = Release|x86
		{DBB5B1F8-B87A-4889-880A-2929D287DB08}.AppStore|iPhone.Build.0 = Release|x86
		{DBB5B1F8-B87A-4889-880A-2929D287DB08}.AppStore|iPhone.Deploy.0 = Release|x86
		{DBB5B1F8-B87A-4889-880A-2929D287DB08}.AppStore|iPhoneSimulator.ActiveCfg = Release|x86
		{DBB5B1F8-B87A-4889-880A-2929D287DB08}.AppStore|iPhoneSimulator.Build.0 = Release|x86
		{DBB5B1F8-B87A-4889-880A-2929D287DB08}.AppStore|iPhoneSimulator.Deploy.0 = Release|x86
		{DBB5B1F8-B87A-4889-880A-2929D287DB08}.AppStore|x64.ActiveCfg = Release|x64
		{DBB5B1F8-B87A-4889-880A-2929D287DB08}.AppStore|x64.Build.0 = Release|x64
		{DBB5B1F8-B87A-4889-880A-2929D287DB08}.AppStore|x64.Deploy.0 = Release|x64
		{DBB5B1F8-B87A-4889-880A-2929D287DB08}.AppStore|x86.ActiveCfg = Release|x86
		{DBB5B1F8-B87A-4889-880A-2929D287DB08}.AppStore|x86.Build.0 = Release|x86
		{DBB5B1F8-B87A-4889-880A-2929D287DB08}.AppStore|x86.Deploy.0 = Release|x86
		{DBB5B1F8-B87A-4889-880A-2929D287DB08}.Debug|Any CPU.ActiveCfg = Debug|x86
		{DBB5B1F8-B87A-4889-880A-2929D287DB08}.Debug|ARM.ActiveCfg = Debug|ARM
		{DBB5B1F8-B87A-4889-880A-2929D287DB08}.Debug|ARM.Build.0 = Debug|ARM
		{DBB5B1F8-B87A-4889-880A-2929D287DB08}.Debug|ARM.Deploy.0 = Debug|ARM
		{DBB5B1F8-B87A-4889-880A-2929D287DB08}.Debug|iPhone.ActiveCfg = Debug|x86
		{DBB5B1F8-B87A-4889-880A-2929D287DB08}.Debug|iPhoneSimulator.ActiveCfg = Debug|x86
		{DBB5B1F8-B87A-4889-880A-2929D287DB08}.Debug|x64.ActiveCfg = Debug|x64
		{DBB5B1F8-B87A-4889-880A-2929D287DB08}.Debug|x64.Build.0 = Debug|x64
		{DBB5B1F8-B87A-4889-880A-2929D287DB08}.Debug|x64.Deploy.0 = Debug|x64
		{DBB5B1F8-B87A-4889-880A-2929D287DB08}.Debug|x86.ActiveCfg = Debug|x86
		{DBB5B1F8-B87A-4889-880A-2929D287DB08}.Debug|x86.Build.0 = Debug|x86
		{DBB5B1F8-B87A-4889-880A-2929D287DB08}.Debug|x86.Deploy.0 = Debug|x86
		{DBB5B1F8-B87A-4889-880A-2929D287DB08}.Release|Any CPU.ActiveCfg = Release|x86
		{DBB5B1F8-B87A-4889-880A-2929D287DB08}.Release|ARM.ActiveCfg = Release|ARM
		{DBB5B1F8-B87A-4889-880A-2929D287DB08}.Release|ARM.Build.0 = Release|ARM
		{DBB5B1F8-B87A-4889-880A-2929D287DB08}.Release|ARM.Deploy.0 = Release|ARM
		{DBB5B1F8-B87A-4889-880A-2929D287DB08}.Release|iPhone.ActiveCfg = Release|x86
		{DBB5B1F8-B87A-4889-880A-2929D287DB08}.Release|iPhoneSimulator.ActiveCfg = Release|x86
		{DBB5B1F8-B87A-4889-880A-2929D287DB08}.Release|x64.ActiveCfg = Release|x64
		{DBB5B1F8-B87A-4889-880A-2929D287DB08}.Release|x64.Build.0 = Release|x64
		{DBB5B1F8-B87A-4889-880A-2929D287DB08}.Release|x64.Deploy.0 = Release|x64
		{DBB5B1F8-B87A-4889-880A-2929D287DB08}.Release|x86.ActiveCfg = Release|x86
		{DBB5B1F8-B87A-4889-880A-2929D287DB08}.Release|x86.Build.0 = Release|x86
		{DBB5B1F8-B87A-4889-880A-2929D287DB08}.Release|x86.Deploy.0 = Release|x86
		{D0E15F5C-234F-4472-BAC5-F6CADD7D7726}.Ad-Hoc|Any CPU.ActiveCfg = Release|Any CPU
		{D0E15F5C-234F-4472-BAC5-F6CADD7D7726}.Ad-Hoc|Any CPU.Build.0 = Release|Any CPU
		{D0E15F5C-234F-4472-BAC5-F6CADD7D7726}.Ad-Hoc|ARM.ActiveCfg = Release|Any CPU
		{D0E15F5C-234F-4472-BAC5-F6CADD7D7726}.Ad-Hoc|ARM.Build.0 = Release|Any CPU
		{D0E15F5C-234F-4472-BAC5-F6CADD7D7726}.Ad-Hoc|iPhone.ActiveCfg = Release|Any CPU
		{D0E15F5C-234F-4472-BAC5-F6CADD7D7726}.Ad-Hoc|iPhone.Build.0 = Release|Any CPU
		{D0E15F5C-234F-4472-BAC5-F6CADD7D7726}.Ad-Hoc|iPhoneSimulator.ActiveCfg = Release|Any CPU
		{D0E15F5C-234F-4472-BAC5-F6CADD7D7726}.Ad-Hoc|iPhoneSimulator.Build.0 = Release|Any CPU
		{D0E15F5C-234F-4472-BAC5-F6CADD7D7726}.Ad-Hoc|x64.ActiveCfg = Release|Any CPU
		{D0E15F5C-234F-4472-BAC5-F6CADD7D7726}.Ad-Hoc|x64.Build.0 = Release|Any CPU
		{D0E15F5C-234F-4472-BAC5-F6CADD7D7726}.Ad-Hoc|x86.ActiveCfg = Release|Any CPU
		{D0E15F5C-234F-4472-BAC5-F6CADD7D7726}.Ad-Hoc|x86.Build.0 = Release|Any CPU
		{D0E15F5C-234F-4472-BAC5-F6CADD7D7726}.AppStore|Any CPU.ActiveCfg = Release|Any CPU
		{D0E15F5C-234F-4472-BAC5-F6CADD7D7726}.AppStore|Any CPU.Build.0 = Release|Any CPU
		{D0E15F5C-234F-4472-BAC5-F6CADD7D7726}.AppStore|ARM.ActiveCfg = Release|Any CPU
		{D0E15F5C-234F-4472-BAC5-F6CADD7D7726}.AppStore|ARM.Build.0 = Release|Any CPU
		{D0E15F5C-234F-4472-BAC5-F6CADD7D7726}.AppStore|iPhone.ActiveCfg = Release|Any CPU
		{D0E15F5C-234F-4472-BAC5-F6CADD7D7726}.AppStore|iPhone.Build.0 = Release|Any CPU
		{D0E15F5C-234F-4472-BAC5-F6CADD7D7726}.AppStore|iPhoneSimulator.ActiveCfg = Release|Any CPU
		{D0E15F5C-234F-4472-BAC5-F6CADD7D7726}.AppStore|iPhoneSimulator.Build.0 = Release|Any CPU
		{D0E15F5C-234F-4472-BAC5-F6CADD7D7726}.AppStore|x64.ActiveCfg = Release|Any CPU
		{D0E15F5C-234F-4472-BAC5-F6CADD7D7726}.AppStore|x64.Build.0 = Release|Any CPU
		{D0E15F5C-234F-4472-BAC5-F6CADD7D7726}.AppStore|x86.ActiveCfg = Release|Any CPU
		{D0E15F5C-234F-4472-BAC5-F6CADD7D7726}.AppStore|x86.Build.0 = Release|Any CPU
		{D0E15F5C-234F-4472-BAC5-F6CADD7D7726}.Debug|Any CPU.ActiveCfg = Debug|Any CPU
		{D0E15F5C-234F-4472-BAC5-F6CADD7D7726}.Debug|Any CPU.Build.0 = Debug|Any CPU
		{D0E15F5C-234F-4472-BAC5-F6CADD7D7726}.Debug|ARM.ActiveCfg = Debug|Any CPU
		{D0E15F5C-234F-4472-BAC5-F6CADD7D7726}.Debug|ARM.Build.0 = Debug|Any CPU
		{D0E15F5C-234F-4472-BAC5-F6CADD7D7726}.Debug|iPhone.ActiveCfg = Debug|Any CPU
		{D0E15F5C-234F-4472-BAC5-F6CADD7D7726}.Debug|iPhone.Build.0 = Debug|Any CPU
		{D0E15F5C-234F-4472-BAC5-F6CADD7D7726}.Debug|iPhoneSimulator.ActiveCfg = Debug|Any CPU
		{D0E15F5C-234F-4472-BAC5-F6CADD7D7726}.Debug|iPhoneSimulator.Build.0 = Debug|Any CPU
		{D0E15F5C-234F-4472-BAC5-F6CADD7D7726}.Debug|x64.ActiveCfg = Debug|Any CPU
		{D0E15F5C-234F-4472-BAC5-F6CADD7D7726}.Debug|x64.Build.0 = Debug|Any CPU
		{D0E15F5C-234F-4472-BAC5-F6CADD7D7726}.Debug|x86.ActiveCfg = Debug|Any CPU
		{D0E15F5C-234F-4472-BAC5-F6CADD7D7726}.Debug|x86.Build.0 = Debug|Any CPU
		{D0E15F5C-234F-4472-BAC5-F6CADD7D7726}.Release|Any CPU.ActiveCfg = Release|Any CPU
		{D0E15F5C-234F-4472-BAC5-F6CADD7D7726}.Release|Any CPU.Build.0 = Release|Any CPU
		{D0E15F5C-234F-4472-BAC5-F6CADD7D7726}.Release|ARM.ActiveCfg = Release|Any CPU
		{D0E15F5C-234F-4472-BAC5-F6CADD7D7726}.Release|ARM.Build.0 = Release|Any CPU
		{D0E15F5C-234F-4472-BAC5-F6CADD7D7726}.Release|iPhone.ActiveCfg = Release|Any CPU
		{D0E15F5C-234F-4472-BAC5-F6CADD7D7726}.Release|iPhone.Build.0 = Release|Any CPU
		{D0E15F5C-234F-4472-BAC5-F6CADD7D7726}.Release|iPhoneSimulator.ActiveCfg = Release|Any CPU
		{D0E15F5C-234F-4472-BAC5-F6CADD7D7726}.Release|iPhoneSimulator.Build.0 = Release|Any CPU
		{D0E15F5C-234F-4472-BAC5-F6CADD7D7726}.Release|x64.ActiveCfg = Release|Any CPU
		{D0E15F5C-234F-4472-BAC5-F6CADD7D7726}.Release|x64.Build.0 = Release|Any CPU
		{D0E15F5C-234F-4472-BAC5-F6CADD7D7726}.Release|x86.ActiveCfg = Release|Any CPU
		{D0E15F5C-234F-4472-BAC5-F6CADD7D7726}.Release|x86.Build.0 = Release|Any CPU
		{7F45900F-E2E4-4B41-9262-59168E8DD329}.Ad-Hoc|Any CPU.ActiveCfg = Release|Any CPU
		{7F45900F-E2E4-4B41-9262-59168E8DD329}.Ad-Hoc|Any CPU.Build.0 = Release|Any CPU
		{7F45900F-E2E4-4B41-9262-59168E8DD329}.Ad-Hoc|ARM.ActiveCfg = Release|Any CPU
		{7F45900F-E2E4-4B41-9262-59168E8DD329}.Ad-Hoc|ARM.Build.0 = Release|Any CPU
		{7F45900F-E2E4-4B41-9262-59168E8DD329}.Ad-Hoc|iPhone.ActiveCfg = Release|Any CPU
		{7F45900F-E2E4-4B41-9262-59168E8DD329}.Ad-Hoc|iPhone.Build.0 = Release|Any CPU
		{7F45900F-E2E4-4B41-9262-59168E8DD329}.Ad-Hoc|iPhoneSimulator.ActiveCfg = Release|Any CPU
		{7F45900F-E2E4-4B41-9262-59168E8DD329}.Ad-Hoc|iPhoneSimulator.Build.0 = Release|Any CPU
		{7F45900F-E2E4-4B41-9262-59168E8DD329}.Ad-Hoc|x64.ActiveCfg = Release|Any CPU
		{7F45900F-E2E4-4B41-9262-59168E8DD329}.Ad-Hoc|x64.Build.0 = Release|Any CPU
		{7F45900F-E2E4-4B41-9262-59168E8DD329}.Ad-Hoc|x86.ActiveCfg = Release|Any CPU
		{7F45900F-E2E4-4B41-9262-59168E8DD329}.Ad-Hoc|x86.Build.0 = Release|Any CPU
		{7F45900F-E2E4-4B41-9262-59168E8DD329}.AppStore|Any CPU.ActiveCfg = Release|Any CPU
		{7F45900F-E2E4-4B41-9262-59168E8DD329}.AppStore|Any CPU.Build.0 = Release|Any CPU
		{7F45900F-E2E4-4B41-9262-59168E8DD329}.AppStore|ARM.ActiveCfg = Release|Any CPU
		{7F45900F-E2E4-4B41-9262-59168E8DD329}.AppStore|ARM.Build.0 = Release|Any CPU
		{7F45900F-E2E4-4B41-9262-59168E8DD329}.AppStore|iPhone.ActiveCfg = Release|Any CPU
		{7F45900F-E2E4-4B41-9262-59168E8DD329}.AppStore|iPhone.Build.0 = Release|Any CPU
		{7F45900F-E2E4-4B41-9262-59168E8DD329}.AppStore|iPhoneSimulator.ActiveCfg = Release|Any CPU
		{7F45900F-E2E4-4B41-9262-59168E8DD329}.AppStore|iPhoneSimulator.Build.0 = Release|Any CPU
		{7F45900F-E2E4-4B41-9262-59168E8DD329}.AppStore|x64.ActiveCfg = Release|Any CPU
		{7F45900F-E2E4-4B41-9262-59168E8DD329}.AppStore|x64.Build.0 = Release|Any CPU
		{7F45900F-E2E4-4B41-9262-59168E8DD329}.AppStore|x86.ActiveCfg = Release|Any CPU
		{7F45900F-E2E4-4B41-9262-59168E8DD329}.AppStore|x86.Build.0 = Release|Any CPU
		{7F45900F-E2E4-4B41-9262-59168E8DD329}.Debug|Any CPU.ActiveCfg = Debug|Any CPU
		{7F45900F-E2E4-4B41-9262-59168E8DD329}.Debug|Any CPU.Build.0 = Debug|Any CPU
		{7F45900F-E2E4-4B41-9262-59168E8DD329}.Debug|ARM.ActiveCfg = Debug|Any CPU
		{7F45900F-E2E4-4B41-9262-59168E8DD329}.Debug|ARM.Build.0 = Debug|Any CPU
		{7F45900F-E2E4-4B41-9262-59168E8DD329}.Debug|iPhone.ActiveCfg = Debug|Any CPU
		{7F45900F-E2E4-4B41-9262-59168E8DD329}.Debug|iPhone.Build.0 = Debug|Any CPU
		{7F45900F-E2E4-4B41-9262-59168E8DD329}.Debug|iPhoneSimulator.ActiveCfg = Debug|Any CPU
		{7F45900F-E2E4-4B41-9262-59168E8DD329}.Debug|iPhoneSimulator.Build.0 = Debug|Any CPU
		{7F45900F-E2E4-4B41-9262-59168E8DD329}.Debug|x64.ActiveCfg = Debug|Any CPU
		{7F45900F-E2E4-4B41-9262-59168E8DD329}.Debug|x64.Build.0 = Debug|Any CPU
		{7F45900F-E2E4-4B41-9262-59168E8DD329}.Debug|x86.ActiveCfg = Debug|Any CPU
		{7F45900F-E2E4-4B41-9262-59168E8DD329}.Debug|x86.Build.0 = Debug|Any CPU
		{7F45900F-E2E4-4B41-9262-59168E8DD329}.Release|Any CPU.ActiveCfg = Release|Any CPU
		{7F45900F-E2E4-4B41-9262-59168E8DD329}.Release|Any CPU.Build.0 = Release|Any CPU
		{7F45900F-E2E4-4B41-9262-59168E8DD329}.Release|ARM.ActiveCfg = Release|Any CPU
		{7F45900F-E2E4-4B41-9262-59168E8DD329}.Release|ARM.Build.0 = Release|Any CPU
		{7F45900F-E2E4-4B41-9262-59168E8DD329}.Release|iPhone.ActiveCfg = Release|Any CPU
		{7F45900F-E2E4-4B41-9262-59168E8DD329}.Release|iPhone.Build.0 = Release|Any CPU
		{7F45900F-E2E4-4B41-9262-59168E8DD329}.Release|iPhoneSimulator.ActiveCfg = Release|Any CPU
		{7F45900F-E2E4-4B41-9262-59168E8DD329}.Release|iPhoneSimulator.Build.0 = Release|Any CPU
		{7F45900F-E2E4-4B41-9262-59168E8DD329}.Release|x64.ActiveCfg = Release|Any CPU
		{7F45900F-E2E4-4B41-9262-59168E8DD329}.Release|x64.Build.0 = Release|Any CPU
		{7F45900F-E2E4-4B41-9262-59168E8DD329}.Release|x86.ActiveCfg = Release|Any CPU
		{7F45900F-E2E4-4B41-9262-59168E8DD329}.Release|x86.Build.0 = Release|Any CPU
		{CFA33814-801D-4DAC-B5E4-3739EC35CDB7}.Ad-Hoc|Any CPU.ActiveCfg = Release|Any CPU
		{CFA33814-801D-4DAC-B5E4-3739EC35CDB7}.Ad-Hoc|Any CPU.Build.0 = Release|Any CPU
		{CFA33814-801D-4DAC-B5E4-3739EC35CDB7}.Ad-Hoc|ARM.ActiveCfg = Release|Any CPU
		{CFA33814-801D-4DAC-B5E4-3739EC35CDB7}.Ad-Hoc|ARM.Build.0 = Release|Any CPU
		{CFA33814-801D-4DAC-B5E4-3739EC35CDB7}.Ad-Hoc|iPhone.ActiveCfg = Release|Any CPU
		{CFA33814-801D-4DAC-B5E4-3739EC35CDB7}.Ad-Hoc|iPhone.Build.0 = Release|Any CPU
		{CFA33814-801D-4DAC-B5E4-3739EC35CDB7}.Ad-Hoc|iPhoneSimulator.ActiveCfg = Release|Any CPU
		{CFA33814-801D-4DAC-B5E4-3739EC35CDB7}.Ad-Hoc|iPhoneSimulator.Build.0 = Release|Any CPU
		{CFA33814-801D-4DAC-B5E4-3739EC35CDB7}.Ad-Hoc|x64.ActiveCfg = Release|Any CPU
		{CFA33814-801D-4DAC-B5E4-3739EC35CDB7}.Ad-Hoc|x64.Build.0 = Release|Any CPU
		{CFA33814-801D-4DAC-B5E4-3739EC35CDB7}.Ad-Hoc|x86.ActiveCfg = Release|Any CPU
		{CFA33814-801D-4DAC-B5E4-3739EC35CDB7}.Ad-Hoc|x86.Build.0 = Release|Any CPU
		{CFA33814-801D-4DAC-B5E4-3739EC35CDB7}.AppStore|Any CPU.ActiveCfg = Release|Any CPU
		{CFA33814-801D-4DAC-B5E4-3739EC35CDB7}.AppStore|Any CPU.Build.0 = Release|Any CPU
		{CFA33814-801D-4DAC-B5E4-3739EC35CDB7}.AppStore|ARM.ActiveCfg = Release|Any CPU
		{CFA33814-801D-4DAC-B5E4-3739EC35CDB7}.AppStore|ARM.Build.0 = Release|Any CPU
		{CFA33814-801D-4DAC-B5E4-3739EC35CDB7}.AppStore|iPhone.ActiveCfg = Release|Any CPU
		{CFA33814-801D-4DAC-B5E4-3739EC35CDB7}.AppStore|iPhone.Build.0 = Release|Any CPU
		{CFA33814-801D-4DAC-B5E4-3739EC35CDB7}.AppStore|iPhoneSimulator.ActiveCfg = Release|Any CPU
		{CFA33814-801D-4DAC-B5E4-3739EC35CDB7}.AppStore|iPhoneSimulator.Build.0 = Release|Any CPU
		{CFA33814-801D-4DAC-B5E4-3739EC35CDB7}.AppStore|x64.ActiveCfg = Release|Any CPU
		{CFA33814-801D-4DAC-B5E4-3739EC35CDB7}.AppStore|x64.Build.0 = Release|Any CPU
		{CFA33814-801D-4DAC-B5E4-3739EC35CDB7}.AppStore|x86.ActiveCfg = Release|Any CPU
		{CFA33814-801D-4DAC-B5E4-3739EC35CDB7}.AppStore|x86.Build.0 = Release|Any CPU
		{CFA33814-801D-4DAC-B5E4-3739EC35CDB7}.Debug|Any CPU.ActiveCfg = Debug|Any CPU
		{CFA33814-801D-4DAC-B5E4-3739EC35CDB7}.Debug|Any CPU.Build.0 = Debug|Any CPU
		{CFA33814-801D-4DAC-B5E4-3739EC35CDB7}.Debug|ARM.ActiveCfg = Debug|Any CPU
		{CFA33814-801D-4DAC-B5E4-3739EC35CDB7}.Debug|ARM.Build.0 = Debug|Any CPU
		{CFA33814-801D-4DAC-B5E4-3739EC35CDB7}.Debug|iPhone.ActiveCfg = Debug|Any CPU
		{CFA33814-801D-4DAC-B5E4-3739EC35CDB7}.Debug|iPhone.Build.0 = Debug|Any CPU
		{CFA33814-801D-4DAC-B5E4-3739EC35CDB7}.Debug|iPhoneSimulator.ActiveCfg = Debug|Any CPU
		{CFA33814-801D-4DAC-B5E4-3739EC35CDB7}.Debug|iPhoneSimulator.Build.0 = Debug|Any CPU
		{CFA33814-801D-4DAC-B5E4-3739EC35CDB7}.Debug|x64.ActiveCfg = Debug|Any CPU
		{CFA33814-801D-4DAC-B5E4-3739EC35CDB7}.Debug|x64.Build.0 = Debug|Any CPU
		{CFA33814-801D-4DAC-B5E4-3739EC35CDB7}.Debug|x86.ActiveCfg = Debug|Any CPU
		{CFA33814-801D-4DAC-B5E4-3739EC35CDB7}.Debug|x86.Build.0 = Debug|Any CPU
		{CFA33814-801D-4DAC-B5E4-3739EC35CDB7}.Release|Any CPU.ActiveCfg = Release|Any CPU
		{CFA33814-801D-4DAC-B5E4-3739EC35CDB7}.Release|Any CPU.Build.0 = Release|Any CPU
		{CFA33814-801D-4DAC-B5E4-3739EC35CDB7}.Release|ARM.ActiveCfg = Release|Any CPU
		{CFA33814-801D-4DAC-B5E4-3739EC35CDB7}.Release|ARM.Build.0 = Release|Any CPU
		{CFA33814-801D-4DAC-B5E4-3739EC35CDB7}.Release|iPhone.ActiveCfg = Release|Any CPU
		{CFA33814-801D-4DAC-B5E4-3739EC35CDB7}.Release|iPhone.Build.0 = Release|Any CPU
		{CFA33814-801D-4DAC-B5E4-3739EC35CDB7}.Release|iPhoneSimulator.ActiveCfg = Release|Any CPU
		{CFA33814-801D-4DAC-B5E4-3739EC35CDB7}.Release|iPhoneSimulator.Build.0 = Release|Any CPU
		{CFA33814-801D-4DAC-B5E4-3739EC35CDB7}.Release|x64.ActiveCfg = Release|Any CPU
		{CFA33814-801D-4DAC-B5E4-3739EC35CDB7}.Release|x64.Build.0 = Release|Any CPU
		{CFA33814-801D-4DAC-B5E4-3739EC35CDB7}.Release|x86.ActiveCfg = Release|Any CPU
		{CFA33814-801D-4DAC-B5E4-3739EC35CDB7}.Release|x86.Build.0 = Release|Any CPU
	EndGlobalSection
	GlobalSection(SolutionProperties) = preSolution
		HideSolutionNode = FALSE
	EndGlobalSection
	GlobalSection(NestedProjects) = preSolution
		{6535C64B-CDC6-4B32-B19A-AC46EDAC3364} = {3F91A9C1-AA46-41A7-8B44-75B4BE4B2807}
		{DBB5B1F8-B87A-4889-880A-2929D287DB08} = {3F91A9C1-AA46-41A7-8B44-75B4BE4B2807}
	EndGlobalSection
EndGlobal
